packages:
  - git: https://github.com/prabhakaranpalanisamy-cmd/project1.git
    name: PartyAndIdentity
    revision: 5bee9a564c041a3d3017b5806721ae4f2f507c5b
    subdirectory: dbt/analytic_engineering/PartyAndIdentity
  - git: https://github.com/prabhakaranpalanisamy-cmd/project1.git
    name: project_salesforce
    revision: 5bee9a564c041a3d3017b5806721ae4f2f507c5b
    subdirectory: dbt/data_collection/project_salesforce
sha1_hash: 414398cd797b4449518e84ec00b0b6ef2634ecd8
